// !$*UTF8*$!
{
	archiveVersion = 1;
	classes = {
	};
	objectVersion = 50;
	objects = {

/* Begin PBXBuildFile section */
		7D4EC5F12171E69B00A57BD2 /* MsgClientLogin.swift in Sources */ = {isa = PBXBuildFile; fileRef = 7D4EC5F02171E69B00A57BD2 /* MsgClientLogin.swift */; };
		7D4EC5F32171EE8200A57BD2 /* AuthScheme.swift in Sources */ = {isa = PBXBuildFile; fileRef = 7D4EC5F22171EE8200A57BD2 /* AuthScheme.swift */; };
		7D4EC5F62171F44600A57BD2 /* String+Base64.swift in Sources */ = {isa = PBXBuildFile; fileRef = 7D4EC5F52171F44600A57BD2 /* String+Base64.swift */; };
		7D4EC5FA2173136200A57BD2 /* Pine.swift in Sources */ = {isa = PBXBuildFile; fileRef = 7D4EC5F92173136200A57BD2 /* Pine.swift */; };
		7D4EC5FD2173392E00A57BD2 /* TOError.swift in Sources */ = {isa = PBXBuildFile; fileRef = 7D4EC5FC2173392E00A57BD2 /* TOError.swift */; };
		7D4EC5FF2173644200A57BD2 /* Credential.swift in Sources */ = {isa = PBXBuildFile; fileRef = 7D4EC5FE2173644200A57BD2 /* Credential.swift */; };
		7D7756F92170565400D68F75 /* ClientMessage.swift in Sources */ = {isa = PBXBuildFile; fileRef = 7D7756F82170565400D68F75 /* ClientMessage.swift */; };
		7D7756FB217074D900D68F75 /* MsgClientHi.swift in Sources */ = {isa = PBXBuildFile; fileRef = 7D7756FA217074D900D68F75 /* MsgClientHi.swift */; };
		7D786B132171A7CD00961F9E /* SystemUtils.swift in Sources */ = {isa = PBXBuildFile; fileRef = 7D786B122171A7CD00961F9E /* SystemUtils.swift */; };
		7D786B152171B21B00961F9E /* ServerMessage.swift in Sources */ = {isa = PBXBuildFile; fileRef = 7D786B142171B21B00961F9E /* ServerMessage.swift */; };
		7D786B172171BAB700961F9E /* Ctrl.swift in Sources */ = {isa = PBXBuildFile; fileRef = 7D786B162171BAB700961F9E /* Ctrl.swift */; };
		7D786B192171D54C00961F9E /* json.swift in Sources */ = {isa = PBXBuildFile; fileRef = 7D786B182171D54C00961F9E /* json.swift */; };
		7D7B6BF5217DA9F600554A86 /* MsgSetMeta.swift in Sources */ = {isa = PBXBuildFile; fileRef = 7D7B6BF4217DA9F600554A86 /* MsgSetMeta.swift */; };
		7D7B6BF7217DAAD100554A86 /* MetaSetSub.swift in Sources */ = {isa = PBXBuildFile; fileRef = 7D7B6BF6217DAAD100554A86 /* MetaSetSub.swift */; };
		7D7B6BF9217DAC3E00554A86 /* MsgGetMeta.swift in Sources */ = {isa = PBXBuildFile; fileRef = 7D7B6BF8217DAC3E00554A86 /* MsgGetMeta.swift */; };
		7D7B6BFB217DADBC00554A86 /* MetaGetDesc.swift in Sources */ = {isa = PBXBuildFile; fileRef = 7D7B6BFA217DADBC00554A86 /* MetaGetDesc.swift */; };
		7D7B6BFD217DAECD00554A86 /* MetaGetSub.swift in Sources */ = {isa = PBXBuildFile; fileRef = 7D7B6BFC217DAECD00554A86 /* MetaGetSub.swift */; };
		7D7B6BFF217DAF6400554A86 /* MetaGetData.swift in Sources */ = {isa = PBXBuildFile; fileRef = 7D7B6BFE217DAF6400554A86 /* MetaGetData.swift */; };
		7D7B6C01217DB21300554A86 /* MsgClientSub.swift in Sources */ = {isa = PBXBuildFile; fileRef = 7D7B6C00217DB21300554A86 /* MsgClientSub.swift */; };
		7D7B6C04217DB5A100554A86 /* Storage.swift in Sources */ = {isa = PBXBuildFile; fileRef = 7D7B6C03217DB5A100554A86 /* Storage.swift */; };
		7D7B6C07217DB78800554A86 /* Topic.swift in Sources */ = {isa = PBXBuildFile; fileRef = 7D7B6C06217DB78800554A86 /* Topic.swift */; };
		7D7B6C09217DBA1000554A86 /* Subscription.swift in Sources */ = {isa = PBXBuildFile; fileRef = 7D7B6C08217DBA1000554A86 /* Subscription.swift */; };
		7D7B6C0B217DBAAF00554A86 /* User.swift in Sources */ = {isa = PBXBuildFile; fileRef = 7D7B6C0A217DBAAF00554A86 /* User.swift */; };
		7D7B6C0D217DBD4200554A86 /* Drafty.swift in Sources */ = {isa = PBXBuildFile; fileRef = 7D7B6C0C217DBD4200554A86 /* Drafty.swift */; };
		7D7B6C0F217DD1E900554A86 /* Description.swift in Sources */ = {isa = PBXBuildFile; fileRef = 7D7B6C0E217DD1E900554A86 /* Description.swift */; };
		7D7B6C11217DD2B200554A86 /* Acs.swift in Sources */ = {isa = PBXBuildFile; fileRef = 7D7B6C10217DD2B200554A86 /* Acs.swift */; };
		7D7B6C13217DE24900554A86 /* LastSeen.swift in Sources */ = {isa = PBXBuildFile; fileRef = 7D7B6C12217DE24900554A86 /* LastSeen.swift */; };
		7D7B6C15217DE5B300554A86 /* TopicDelegete.swift in Sources */ = {isa = PBXBuildFile; fileRef = 7D7B6C14217DE5B300554A86 /* TopicDelegete.swift */; };
		7D7B6C17217DE97A00554A86 /* MsgServerData.swift in Sources */ = {isa = PBXBuildFile; fileRef = 7D7B6C16217DE97A00554A86 /* MsgServerData.swift */; };
		7D7B6C19217E1CFC00554A86 /* MsgServerMeta.swift in Sources */ = {isa = PBXBuildFile; fileRef = 7D7B6C18217E1CFC00554A86 /* MsgServerMeta.swift */; };
		7D7B6C1B217E1D9600554A86 /* DelValues.swift in Sources */ = {isa = PBXBuildFile; fileRef = 7D7B6C1A217E1D9600554A86 /* DelValues.swift */; };
		7D7B6C1D217E1DDD00554A86 /* MsgDelRange.swift in Sources */ = {isa = PBXBuildFile; fileRef = 7D7B6C1C217E1DDD00554A86 /* MsgDelRange.swift */; };
		7D7B6C1F217E1F8400554A86 /* MsgServerPres.swift in Sources */ = {isa = PBXBuildFile; fileRef = 7D7B6C1E217E1F8400554A86 /* MsgServerPres.swift */; };
		7D7B6C21217E215B00554A86 /* AccessChange.swift in Sources */ = {isa = PBXBuildFile; fileRef = 7D7B6C20217E215B00554A86 /* AccessChange.swift */; };
		7D889F76216EEBCB0082F158 /* tinode.h in Headers */ = {isa = PBXBuildFile; fileRef = 7D889F74216EEBCB0082F158 /* tinode.h */; settings = {ATTRIBUTES = (Public, ); }; };
		7D8D6B38216EF234002525F0 /* Starscream.framework in Frameworks */ = {isa = PBXBuildFile; fileRef = 7D8D6B37216EF234002525F0 /* Starscream.framework */; };
		7D8D6B3A216EF309002525F0 /* SocketLogger.swift in Sources */ = {isa = PBXBuildFile; fileRef = 7D8D6B39216EF309002525F0 /* SocketLogger.swift */; };
		7D8D6B3E216EF422002525F0 /* SocketEngine.swift in Sources */ = {isa = PBXBuildFile; fileRef = 7D8D6B3D216EF422002525F0 /* SocketEngine.swift */; };
		7D8D6B41216F2E83002525F0 /* TinodeSocketDelegate.swift in Sources */ = {isa = PBXBuildFile; fileRef = 7D8D6B40216F2E83002525F0 /* TinodeSocketDelegate.swift */; };
		7D8D6B43216F3AD8002525F0 /* Tinode.swift in Sources */ = {isa = PBXBuildFile; fileRef = 7D8D6B42216F3AD8002525F0 /* Tinode.swift */; };
		7D8D6B46216F4914002525F0 /* TinodeOption.swift in Sources */ = {isa = PBXBuildFile; fileRef = 7D8D6B45216F4914002525F0 /* TinodeOption.swift */; };
		7D8D6B48216F54DC002525F0 /* TinodeConfigration.swift in Sources */ = {isa = PBXBuildFile; fileRef = 7D8D6B47216F54DC002525F0 /* TinodeConfigration.swift */; };
		7DBE06BB217737AA00933801 /* MsgClientAcc.swift in Sources */ = {isa = PBXBuildFile; fileRef = 7DBE06BA217737AA00933801 /* MsgClientAcc.swift */; };
		7DBE06BD217742B100933801 /* MetaSetDesc.swift in Sources */ = {isa = PBXBuildFile; fileRef = 7DBE06BC217742B100933801 /* MetaSetDesc.swift */; };
		7DBE06BF217742F700933801 /* Defacs.swift in Sources */ = {isa = PBXBuildFile; fileRef = 7DBE06BE217742F700933801 /* Defacs.swift */; };
		7DBE06C1217828FF00933801 /* AcsHelper.swift in Sources */ = {isa = PBXBuildFile; fileRef = 7DBE06C0217828FF00933801 /* AcsHelper.swift */; };
		7DBE06C321783A3100933801 /* Vcard.swift in Sources */ = {isa = PBXBuildFile; fileRef = 7DBE06C221783A3100933801 /* Vcard.swift */; };
		7DC37288217AE267006AB6B3 /* Formatter+ISO8601.swift in Sources */ = {isa = PBXBuildFile; fileRef = 7DC37287217AE267006AB6B3 /* Formatter+ISO8601.swift */; };
/* End PBXBuildFile section */

/* Begin PBXFileReference section */
		7D4EC5F02171E69B00A57BD2 /* MsgClientLogin.swift */ = {isa = PBXFileReference; lastKnownFileType = sourcecode.swift; path = MsgClientLogin.swift; sourceTree = "<group>"; };
		7D4EC5F22171EE8200A57BD2 /* AuthScheme.swift */ = {isa = PBXFileReference; lastKnownFileType = sourcecode.swift; path = AuthScheme.swift; sourceTree = "<group>"; };
		7D4EC5F52171F44600A57BD2 /* String+Base64.swift */ = {isa = PBXFileReference; lastKnownFileType = sourcecode.swift; name = "String+Base64.swift"; path = "../../../Tinode/Source/Extension/String+Base64.swift"; sourceTree = "<group>"; };
		7D4EC5F92173136200A57BD2 /* Pine.swift */ = {isa = PBXFileReference; lastKnownFileType = sourcecode.swift; path = Pine.swift; sourceTree = "<group>"; };
		7D4EC5FC2173392E00A57BD2 /* TOError.swift */ = {isa = PBXFileReference; lastKnownFileType = sourcecode.swift; name = TOError.swift; path = ../../../Tinode/Source/Error/TOError.swift; sourceTree = "<group>"; };
		7D4EC5FE2173644200A57BD2 /* Credential.swift */ = {isa = PBXFileReference; lastKnownFileType = sourcecode.swift; name = Credential.swift; path = ../../../Tinode/Source/Model/Credential.swift; sourceTree = "<group>"; };
		7D7756F82170565400D68F75 /* ClientMessage.swift */ = {isa = PBXFileReference; lastKnownFileType = sourcecode.swift; name = ClientMessage.swift; path = ../../../Tinode/Source/Model/ClientMessage.swift; sourceTree = "<group>"; };
		7D7756FA217074D900D68F75 /* MsgClientHi.swift */ = {isa = PBXFileReference; lastKnownFileType = sourcecode.swift; path = MsgClientHi.swift; sourceTree = "<group>"; };
		7D786B122171A7CD00961F9E /* SystemUtils.swift */ = {isa = PBXFileReference; lastKnownFileType = sourcecode.swift; name = SystemUtils.swift; path = ../../../Tinode/Source/Util/SystemUtils.swift; sourceTree = "<group>"; };
		7D786B142171B21B00961F9E /* ServerMessage.swift */ = {isa = PBXFileReference; lastKnownFileType = sourcecode.swift; name = ServerMessage.swift; path = ../../../Tinode/Source/Model/ServerMessage.swift; sourceTree = "<group>"; };
		7D786B162171BAB700961F9E /* Ctrl.swift */ = {isa = PBXFileReference; fileEncoding = 4; lastKnownFileType = sourcecode.swift; path = Ctrl.swift; sourceTree = "<group>"; };
		7D786B182171D54C00961F9E /* json.swift */ = {isa = PBXFileReference; lastKnownFileType = sourcecode.swift; path = json.swift; sourceTree = "<group>"; };
		7D7B6BF4217DA9F600554A86 /* MsgSetMeta.swift */ = {isa = PBXFileReference; lastKnownFileType = sourcecode.swift; path = MsgSetMeta.swift; sourceTree = "<group>"; };
		7D7B6BF6217DAAD100554A86 /* MetaSetSub.swift */ = {isa = PBXFileReference; lastKnownFileType = sourcecode.swift; path = MetaSetSub.swift; sourceTree = "<group>"; };
		7D7B6BF8217DAC3E00554A86 /* MsgGetMeta.swift */ = {isa = PBXFileReference; lastKnownFileType = sourcecode.swift; path = MsgGetMeta.swift; sourceTree = "<group>"; };
		7D7B6BFA217DADBC00554A86 /* MetaGetDesc.swift */ = {isa = PBXFileReference; lastKnownFileType = sourcecode.swift; path = MetaGetDesc.swift; sourceTree = "<group>"; };
		7D7B6BFC217DAECD00554A86 /* MetaGetSub.swift */ = {isa = PBXFileReference; lastKnownFileType = sourcecode.swift; path = MetaGetSub.swift; sourceTree = "<group>"; };
		7D7B6BFE217DAF6400554A86 /* MetaGetData.swift */ = {isa = PBXFileReference; lastKnownFileType = sourcecode.swift; path = MetaGetData.swift; sourceTree = "<group>"; };
		7D7B6C00217DB21300554A86 /* MsgClientSub.swift */ = {isa = PBXFileReference; lastKnownFileType = sourcecode.swift; path = MsgClientSub.swift; sourceTree = "<group>"; };
		7D7B6C03217DB5A100554A86 /* Storage.swift */ = {isa = PBXFileReference; lastKnownFileType = sourcecode.swift; path = Storage.swift; sourceTree = "<group>"; };
		7D7B6C06217DB78800554A86 /* Topic.swift */ = {isa = PBXFileReference; lastKnownFileType = sourcecode.swift; name = Topic.swift; path = ../../../Tinode/Source/Topic/Topic.swift; sourceTree = "<group>"; };
		7D7B6C08217DBA1000554A86 /* Subscription.swift */ = {isa = PBXFileReference; lastKnownFileType = sourcecode.swift; name = Subscription.swift; path = ../../../Tinode/Source/Model/Subscription.swift; sourceTree = "<group>"; };
		7D7B6C0A217DBAAF00554A86 /* User.swift */ = {isa = PBXFileReference; lastKnownFileType = sourcecode.swift; path = User.swift; sourceTree = "<group>"; };
		7D7B6C0C217DBD4200554A86 /* Drafty.swift */ = {isa = PBXFileReference; lastKnownFileType = sourcecode.swift; path = Drafty.swift; sourceTree = "<group>"; };
		7D7B6C0E217DD1E900554A86 /* Description.swift */ = {isa = PBXFileReference; lastKnownFileType = sourcecode.swift; path = Description.swift; sourceTree = "<group>"; };
		7D7B6C10217DD2B200554A86 /* Acs.swift */ = {isa = PBXFileReference; lastKnownFileType = sourcecode.swift; path = Acs.swift; sourceTree = "<group>"; };
		7D7B6C12217DE24900554A86 /* LastSeen.swift */ = {isa = PBXFileReference; lastKnownFileType = sourcecode.swift; path = LastSeen.swift; sourceTree = "<group>"; };
		7D7B6C14217DE5B300554A86 /* TopicDelegete.swift */ = {isa = PBXFileReference; lastKnownFileType = sourcecode.swift; name = TopicDelegete.swift; path = ../../../Tinode/Source/Topic/TopicDelegete.swift; sourceTree = "<group>"; };
		7D7B6C16217DE97A00554A86 /* MsgServerData.swift */ = {isa = PBXFileReference; lastKnownFileType = sourcecode.swift; name = MsgServerData.swift; path = ../../../Tinode/Source/Model/MsgServerData.swift; sourceTree = "<group>"; };
		7D7B6C18217E1CFC00554A86 /* MsgServerMeta.swift */ = {isa = PBXFileReference; lastKnownFileType = sourcecode.swift; path = MsgServerMeta.swift; sourceTree = "<group>"; };
		7D7B6C1A217E1D9600554A86 /* DelValues.swift */ = {isa = PBXFileReference; lastKnownFileType = sourcecode.swift; path = DelValues.swift; sourceTree = "<group>"; };
		7D7B6C1C217E1DDD00554A86 /* MsgDelRange.swift */ = {isa = PBXFileReference; lastKnownFileType = sourcecode.swift; path = MsgDelRange.swift; sourceTree = "<group>"; };
		7D7B6C1E217E1F8400554A86 /* MsgServerPres.swift */ = {isa = PBXFileReference; lastKnownFileType = sourcecode.swift; path = MsgServerPres.swift; sourceTree = "<group>"; };
		7D7B6C20217E215B00554A86 /* AccessChange.swift */ = {isa = PBXFileReference; lastKnownFileType = sourcecode.swift; path = AccessChange.swift; sourceTree = "<group>"; };
		7D889F71216EEBCB0082F158 /* Tinode.framework */ = {isa = PBXFileReference; explicitFileType = wrapper.framework; includeInIndex = 0; path = Tinode.framework; sourceTree = BUILT_PRODUCTS_DIR; };
		7D889F74216EEBCB0082F158 /* tinode.h */ = {isa = PBXFileReference; lastKnownFileType = sourcecode.c.h; path = tinode.h; sourceTree = "<group>"; };
		7D889F75216EEBCB0082F158 /* Info.plist */ = {isa = PBXFileReference; lastKnownFileType = text.plist.xml; path = Info.plist; sourceTree = "<group>"; };
		7D8D6B37216EF234002525F0 /* Starscream.framework */ = {isa = PBXFileReference; lastKnownFileType = wrapper.framework; name = Starscream.framework; path = Carthage/Build/iOS/Starscream.framework; sourceTree = "<group>"; };
		7D8D6B39216EF309002525F0 /* SocketLogger.swift */ = {isa = PBXFileReference; lastKnownFileType = sourcecode.swift; path = SocketLogger.swift; sourceTree = "<group>"; };
		7D8D6B3D216EF422002525F0 /* SocketEngine.swift */ = {isa = PBXFileReference; lastKnownFileType = sourcecode.swift; path = SocketEngine.swift; sourceTree = "<group>"; };
		7D8D6B40216F2E83002525F0 /* TinodeSocketDelegate.swift */ = {isa = PBXFileReference; lastKnownFileType = sourcecode.swift; path = TinodeSocketDelegate.swift; sourceTree = "<group>"; };
		7D8D6B42216F3AD8002525F0 /* Tinode.swift */ = {isa = PBXFileReference; lastKnownFileType = sourcecode.swift; path = Tinode.swift; sourceTree = "<group>"; };
		7D8D6B45216F4914002525F0 /* TinodeOption.swift */ = {isa = PBXFileReference; lastKnownFileType = sourcecode.swift; path = TinodeOption.swift; sourceTree = "<group>"; };
		7D8D6B47216F54DC002525F0 /* TinodeConfigration.swift */ = {isa = PBXFileReference; lastKnownFileType = sourcecode.swift; path = TinodeConfigration.swift; sourceTree = "<group>"; };
		7DBE06BA217737AA00933801 /* MsgClientAcc.swift */ = {isa = PBXFileReference; lastKnownFileType = sourcecode.swift; name = MsgClientAcc.swift; path = ../../../Tinode/Source/Model/MsgClientAcc.swift; sourceTree = "<group>"; };
		7DBE06BC217742B100933801 /* MetaSetDesc.swift */ = {isa = PBXFileReference; lastKnownFileType = sourcecode.swift; path = MetaSetDesc.swift; sourceTree = "<group>"; };
		7DBE06BE217742F700933801 /* Defacs.swift */ = {isa = PBXFileReference; lastKnownFileType = sourcecode.swift; path = Defacs.swift; sourceTree = "<group>"; };
		7DBE06C0217828FF00933801 /* AcsHelper.swift */ = {isa = PBXFileReference; lastKnownFileType = sourcecode.swift; path = AcsHelper.swift; sourceTree = "<group>"; };
		7DBE06C221783A3100933801 /* Vcard.swift */ = {isa = PBXFileReference; lastKnownFileType = sourcecode.swift; path = Vcard.swift; sourceTree = "<group>"; };
		7DC37287217AE267006AB6B3 /* Formatter+ISO8601.swift */ = {isa = PBXFileReference; lastKnownFileType = sourcecode.swift; name = "Formatter+ISO8601.swift"; path = "../../../Tinode/Source/Extension/Formatter+ISO8601.swift"; sourceTree = "<group>"; };
/* End PBXFileReference section */

/* Begin PBXFrameworksBuildPhase section */
		7D889F6E216EEBCB0082F158 /* Frameworks */ = {
			isa = PBXFrameworksBuildPhase;
			buildActionMask = 2147483647;
			files = (
				7D8D6B38216EF234002525F0 /* Starscream.framework in Frameworks */,
			);
			runOnlyForDeploymentPostprocessing = 0;
		};
/* End PBXFrameworksBuildPhase section */

/* Begin PBXGroup section */
		7D4EC5F42171F2DA00A57BD2 /* Extension */ = {
			isa = PBXGroup;
			children = (
				7D4EC5F52171F44600A57BD2 /* String+Base64.swift */,
				7DC37287217AE267006AB6B3 /* Formatter+ISO8601.swift */,
			);
			path = Extension;
			sourceTree = "<group>";
		};
		7D4EC5FB2173386D00A57BD2 /* Error */ = {
			isa = PBXGroup;
			children = (
				7D4EC5FC2173392E00A57BD2 /* TOError.swift */,
			);
			path = Error;
			sourceTree = "<group>";
		};
		7D7756F72170550500D68F75 /* Model */ = {
			isa = PBXGroup;
			children = (
				7DBE06C0217828FF00933801 /* AcsHelper.swift */,
				7D4EC5F22171EE8200A57BD2 /* AuthScheme.swift */,
				7D7756F82170565400D68F75 /* ClientMessage.swift */,
				7D4EC5FE2173644200A57BD2 /* Credential.swift */,
				7D786B162171BAB700961F9E /* Ctrl.swift */,
				7DBE06BE217742F700933801 /* Defacs.swift */,
				7D786B182171D54C00961F9E /* json.swift */,
				7D7B6BFE217DAF6400554A86 /* MetaGetData.swift */,
				7D7B6BFA217DADBC00554A86 /* MetaGetDesc.swift */,
				7D7B6BFC217DAECD00554A86 /* MetaGetSub.swift */,
				7DBE06BC217742B100933801 /* MetaSetDesc.swift */,
				7D7B6BF6217DAAD100554A86 /* MetaSetSub.swift */,
				7DBE06BA217737AA00933801 /* MsgClientAcc.swift */,
				7D7756FA217074D900D68F75 /* MsgClientHi.swift */,
				7D4EC5F02171E69B00A57BD2 /* MsgClientLogin.swift */,
				7D7B6BF8217DAC3E00554A86 /* MsgGetMeta.swift */,
				7D7B6BF4217DA9F600554A86 /* MsgSetMeta.swift */,
				7D786B142171B21B00961F9E /* ServerMessage.swift */,
				7DBE06C221783A3100933801 /* Vcard.swift */,
				7D7B6C00217DB21300554A86 /* MsgClientSub.swift */,
				7D7B6C08217DBA1000554A86 /* Subscription.swift */,
				7D7B6C0A217DBAAF00554A86 /* User.swift */,
				7D7B6C0C217DBD4200554A86 /* Drafty.swift */,
				7D7B6C0E217DD1E900554A86 /* Description.swift */,
				7D7B6C10217DD2B200554A86 /* Acs.swift */,
				7D7B6C12217DE24900554A86 /* LastSeen.swift */,
				7D7B6C16217DE97A00554A86 /* MsgServerData.swift */,
				7D7B6C18217E1CFC00554A86 /* MsgServerMeta.swift */,
				7D7B6C1A217E1D9600554A86 /* DelValues.swift */,
				7D7B6C1C217E1DDD00554A86 /* MsgDelRange.swift */,
				7D7B6C1E217E1F8400554A86 /* MsgServerPres.swift */,
				7D7B6C20217E215B00554A86 /* AccessChange.swift */,
			);
			path = Model;
			sourceTree = "<group>";
		};
		7D7B6C02217DB57300554A86 /* Storage */ = {
			isa = PBXGroup;
			children = (
				7D7B6C03217DB5A100554A86 /* Storage.swift */,
			);
			path = Storage;
			sourceTree = "<group>";
		};
		7D7B6C05217DB77A00554A86 /* Topic */ = {
			isa = PBXGroup;
			children = (
				7D7B6C06217DB78800554A86 /* Topic.swift */,
				7D7B6C14217DE5B300554A86 /* TopicDelegete.swift */,
			);
			path = Topic;
			sourceTree = "<group>";
		};
		7D889F67216EEBCB0082F158 = {
			isa = PBXGroup;
			children = (
				7D8D6B36216EF234002525F0 /* Frameworks */,
				7D889F72216EEBCB0082F158 /* Products */,
				7D8D6B32216EEE50002525F0 /* Source */,
				7D889F73216EEBCB0082F158 /* Tinode */,
			);
			sourceTree = "<group>";
		};
		7D889F72216EEBCB0082F158 /* Products */ = {
			isa = PBXGroup;
			children = (
				7D889F71216EEBCB0082F158 /* Tinode.framework */,
			);
			name = Products;
			sourceTree = "<group>";
		};
		7D889F73216EEBCB0082F158 /* Tinode */ = {
			isa = PBXGroup;
			children = (
				7D8D6B35216EEF80002525F0 /* Supporting Files */,
				7D889F74216EEBCB0082F158 /* tinode.h */,
			);
			path = Tinode;
			sourceTree = "<group>";
		};
		7D8D6B32216EEE50002525F0 /* Source */ = {
			isa = PBXGroup;
			children = (
				7D7B6C05217DB77A00554A86 /* Topic */,
				7D7B6C02217DB57300554A86 /* Storage */,
				7D4EC5FB2173386D00A57BD2 /* Error */,
				7D4EC5F42171F2DA00A57BD2 /* Extension */,
				7D7756F72170550500D68F75 /* Model */,
				7D8D6B44216F48D6002525F0 /* Configure */,
				7D8D6B3C216EF3E5002525F0 /* WebSocket */,
				7D8D6B3B216EF318002525F0 /* Util */,
				7D8D6B42216F3AD8002525F0 /* Tinode.swift */,
			);
			path = Source;
			sourceTree = "<group>";
		};
		7D8D6B35216EEF80002525F0 /* Supporting Files */ = {
			isa = PBXGroup;
			children = (
				7D889F75216EEBCB0082F158 /* Info.plist */,
			);
			name = "Supporting Files";
			sourceTree = "<group>";
		};
		7D8D6B36216EF234002525F0 /* Frameworks */ = {
			isa = PBXGroup;
			children = (
				7D8D6B37216EF234002525F0 /* Starscream.framework */,
			);
			name = Frameworks;
			sourceTree = "<group>";
		};
		7D8D6B3B216EF318002525F0 /* Util */ = {
			isa = PBXGroup;
			children = (
				7D8D6B39216EF309002525F0 /* SocketLogger.swift */,
				7D786B122171A7CD00961F9E /* SystemUtils.swift */,
				7D4EC5F92173136200A57BD2 /* Pine.swift */,
			);
			path = Util;
			sourceTree = "<group>";
		};
		7D8D6B3C216EF3E5002525F0 /* WebSocket */ = {
			isa = PBXGroup;
			children = (
				7D8D6B3D216EF422002525F0 /* SocketEngine.swift */,
				7D8D6B40216F2E83002525F0 /* TinodeSocketDelegate.swift */,
			);
			path = WebSocket;
			sourceTree = "<group>";
		};
		7D8D6B44216F48D6002525F0 /* Configure */ = {
			isa = PBXGroup;
			children = (
				7D8D6B45216F4914002525F0 /* TinodeOption.swift */,
				7D8D6B47216F54DC002525F0 /* TinodeConfigration.swift */,
			);
			path = Configure;
			sourceTree = "<group>";
		};
/* End PBXGroup section */

/* Begin PBXHeadersBuildPhase section */
		7D889F6C216EEBCB0082F158 /* Headers */ = {
			isa = PBXHeadersBuildPhase;
			buildActionMask = 2147483647;
			files = (
				7D889F76216EEBCB0082F158 /* tinode.h in Headers */,
			);
			runOnlyForDeploymentPostprocessing = 0;
		};
/* End PBXHeadersBuildPhase section */

/* Begin PBXNativeTarget section */
		7D889F70216EEBCB0082F158 /* Tinode */ = {
			isa = PBXNativeTarget;
			buildConfigurationList = 7D889F79216EEBCB0082F158 /* Build configuration list for PBXNativeTarget "Tinode" */;
			buildPhases = (
				7D889F6C216EEBCB0082F158 /* Headers */,
				7D889F6D216EEBCB0082F158 /* Sources */,
				7D889F6E216EEBCB0082F158 /* Frameworks */,
				7D889F6F216EEBCB0082F158 /* Resources */,
			);
			buildRules = (
			);
			dependencies = (
			);
			name = Tinode;
			productName = tinode;
			productReference = 7D889F71216EEBCB0082F158 /* Tinode.framework */;
			productType = "com.apple.product-type.framework";
		};
/* End PBXNativeTarget section */

/* Begin PBXProject section */
		7D889F68216EEBCB0082F158 /* Project object */ = {
			isa = PBXProject;
			attributes = {
				LastUpgradeCheck = 1000;
				ORGANIZATIONNAME = sabinetek;
				TargetAttributes = {
					7D889F70216EEBCB0082F158 = {
						CreatedOnToolsVersion = 10.0;
						LastSwiftMigration = 1000;
					};
				};
			};
			buildConfigurationList = 7D889F6B216EEBCB0082F158 /* Build configuration list for PBXProject "Tinode" */;
			compatibilityVersion = "Xcode 9.3";
			developmentRegion = en;
			hasScannedForEncodings = 0;
			knownRegions = (
				en,
			);
			mainGroup = 7D889F67216EEBCB0082F158;
			productRefGroup = 7D889F72216EEBCB0082F158 /* Products */;
			projectDirPath = "";
			projectRoot = "";
			targets = (
				7D889F70216EEBCB0082F158 /* Tinode */,
			);
		};
/* End PBXProject section */

/* Begin PBXResourcesBuildPhase section */
		7D889F6F216EEBCB0082F158 /* Resources */ = {
			isa = PBXResourcesBuildPhase;
			buildActionMask = 2147483647;
			files = (
			);
			runOnlyForDeploymentPostprocessing = 0;
		};
/* End PBXResourcesBuildPhase section */

/* Begin PBXSourcesBuildPhase section */
		7D889F6D216EEBCB0082F158 /* Sources */ = {
			isa = PBXSourcesBuildPhase;
			buildActionMask = 2147483647;
			files = (
				7D7B6C09217DBA1000554A86 /* Subscription.swift in Sources */,
				7D786B152171B21B00961F9E /* ServerMessage.swift in Sources */,
				7D7B6BFF217DAF6400554A86 /* MetaGetData.swift in Sources */,
				7D7B6C11217DD2B200554A86 /* Acs.swift in Sources */,
				7DBE06C1217828FF00933801 /* AcsHelper.swift in Sources */,
				7D4EC5FD2173392E00A57BD2 /* TOError.swift in Sources */,
				7D7B6C0D217DBD4200554A86 /* Drafty.swift in Sources */,
				7D8D6B46216F4914002525F0 /* TinodeOption.swift in Sources */,
				7DBE06C321783A3100933801 /* Vcard.swift in Sources */,
				7D7B6C21217E215B00554A86 /* AccessChange.swift in Sources */,
				7D7B6C1D217E1DDD00554A86 /* MsgDelRange.swift in Sources */,
				7D7756FB217074D900D68F75 /* MsgClientHi.swift in Sources */,
				7D7B6BFB217DADBC00554A86 /* MetaGetDesc.swift in Sources */,
				7D4EC5F12171E69B00A57BD2 /* MsgClientLogin.swift in Sources */,
				7D7B6BF5217DA9F600554A86 /* MsgSetMeta.swift in Sources */,
				7D7B6C19217E1CFC00554A86 /* MsgServerMeta.swift in Sources */,
				7D786B132171A7CD00961F9E /* SystemUtils.swift in Sources */,
				7D8D6B48216F54DC002525F0 /* TinodeConfigration.swift in Sources */,
				7D7B6C1F217E1F8400554A86 /* MsgServerPres.swift in Sources */,
				7D7B6C0B217DBAAF00554A86 /* User.swift in Sources */,
				7D8D6B3E216EF422002525F0 /* SocketEngine.swift in Sources */,
				7D7B6C07217DB78800554A86 /* Topic.swift in Sources */,
				7D4EC5F62171F44600A57BD2 /* String+Base64.swift in Sources */,
				7DC37288217AE267006AB6B3 /* Formatter+ISO8601.swift in Sources */,
				7D7B6C01217DB21300554A86 /* MsgClientSub.swift in Sources */,
				7D8D6B3A216EF309002525F0 /* SocketLogger.swift in Sources */,
				7D4EC5FF2173644200A57BD2 /* Credential.swift in Sources */,
				7D7B6C13217DE24900554A86 /* LastSeen.swift in Sources */,
				7D7B6C1B217E1D9600554A86 /* DelValues.swift in Sources */,
				7D8D6B43216F3AD8002525F0 /* Tinode.swift in Sources */,
				7D7756F92170565400D68F75 /* ClientMessage.swift in Sources */,
				7D7B6C0F217DD1E900554A86 /* Description.swift in Sources */,
				7D8D6B41216F2E83002525F0 /* TinodeSocketDelegate.swift in Sources */,
				7D7B6C15217DE5B300554A86 /* TopicDelegete.swift in Sources */,
				7DBE06BB217737AA00933801 /* MsgClientAcc.swift in Sources */,
				7D786B172171BAB700961F9E /* Ctrl.swift in Sources */,
				7D7B6BF7217DAAD100554A86 /* MetaSetSub.swift in Sources */,
				7D4EC5FA2173136200A57BD2 /* Pine.swift in Sources */,
				7D7B6BFD217DAECD00554A86 /* MetaGetSub.swift in Sources */,
				7D7B6BF9217DAC3E00554A86 /* MsgGetMeta.swift in Sources */,
				7D4EC5F32171EE8200A57BD2 /* AuthScheme.swift in Sources */,
				7DBE06BF217742F700933801 /* Defacs.swift in Sources */,
				7D7B6C04217DB5A100554A86 /* Storage.swift in Sources */,
				7DBE06BD217742B100933801 /* MetaSetDesc.swift in Sources */,
				7D786B192171D54C00961F9E /* json.swift in Sources */,
				7D7B6C17217DE97A00554A86 /* MsgServerData.swift in Sources */,
			);
			runOnlyForDeploymentPostprocessing = 0;
		};
/* End PBXSourcesBuildPhase section */

/* Begin XCBuildConfiguration section */
		7D889F77216EEBCB0082F158 /* Debug */ = {
			isa = XCBuildConfiguration;
			buildSettings = {
				ALWAYS_SEARCH_USER_PATHS = NO;
				CLANG_ANALYZER_NONNULL = YES;
				CLANG_ANALYZER_NUMBER_OBJECT_CONVERSION = YES_AGGRESSIVE;
				CLANG_CXX_LANGUAGE_STANDARD = "gnu++14";
				CLANG_CXX_LIBRARY = "libc++";
				CLANG_ENABLE_MODULES = YES;
				CLANG_ENABLE_OBJC_ARC = YES;
				CLANG_ENABLE_OBJC_WEAK = YES;
				CLANG_WARN_BLOCK_CAPTURE_AUTORELEASING = YES;
				CLANG_WARN_BOOL_CONVERSION = YES;
				CLANG_WARN_COMMA = YES;
				CLANG_WARN_CONSTANT_CONVERSION = YES;
				CLANG_WARN_DEPRECATED_OBJC_IMPLEMENTATIONS = YES;
				CLANG_WARN_DIRECT_OBJC_ISA_USAGE = YES_ERROR;
				CLANG_WARN_DOCUMENTATION_COMMENTS = YES;
				CLANG_WARN_EMPTY_BODY = YES;
				CLANG_WARN_ENUM_CONVERSION = YES;
				CLANG_WARN_INFINITE_RECURSION = YES;
				CLANG_WARN_INT_CONVERSION = YES;
				CLANG_WARN_NON_LITERAL_NULL_CONVERSION = YES;
				CLANG_WARN_OBJC_IMPLICIT_RETAIN_SELF = YES;
				CLANG_WARN_OBJC_LITERAL_CONVERSION = YES;
				CLANG_WARN_OBJC_ROOT_CLASS = YES_ERROR;
				CLANG_WARN_RANGE_LOOP_ANALYSIS = YES;
				CLANG_WARN_STRICT_PROTOTYPES = YES;
				CLANG_WARN_SUSPICIOUS_MOVE = YES;
				CLANG_WARN_UNGUARDED_AVAILABILITY = YES_AGGRESSIVE;
				CLANG_WARN_UNREACHABLE_CODE = YES;
				CLANG_WARN__DUPLICATE_METHOD_MATCH = YES;
				CODE_SIGN_IDENTITY = "iPhone Developer";
				COPY_PHASE_STRIP = NO;
				CURRENT_PROJECT_VERSION = 1;
				DEBUG_INFORMATION_FORMAT = dwarf;
				ENABLE_STRICT_OBJC_MSGSEND = YES;
				ENABLE_TESTABILITY = YES;
				GCC_C_LANGUAGE_STANDARD = gnu11;
				GCC_DYNAMIC_NO_PIC = NO;
				GCC_NO_COMMON_BLOCKS = YES;
				GCC_OPTIMIZATION_LEVEL = 0;
				GCC_PREPROCESSOR_DEFINITIONS = (
					"DEBUG=1",
					"$(inherited)",
				);
				GCC_WARN_64_TO_32_BIT_CONVERSION = YES;
				GCC_WARN_ABOUT_RETURN_TYPE = YES_ERROR;
				GCC_WARN_UNDECLARED_SELECTOR = YES;
				GCC_WARN_UNINITIALIZED_AUTOS = YES_AGGRESSIVE;
				GCC_WARN_UNUSED_FUNCTION = YES;
				GCC_WARN_UNUSED_VARIABLE = YES;
				IPHONEOS_DEPLOYMENT_TARGET = 12.0;
				MTL_ENABLE_DEBUG_INFO = INCLUDE_SOURCE;
				MTL_FAST_MATH = YES;
				ONLY_ACTIVE_ARCH = YES;
				SDKROOT = iphoneos;
				SWIFT_ACTIVE_COMPILATION_CONDITIONS = DEBUG;
				SWIFT_OPTIMIZATION_LEVEL = "-Onone";
				VERSIONING_SYSTEM = "apple-generic";
				VERSION_INFO_PREFIX = "";
			};
			name = Debug;
		};
		7D889F78216EEBCB0082F158 /* Release */ = {
			isa = XCBuildConfiguration;
			buildSettings = {
				ALWAYS_SEARCH_USER_PATHS = NO;
				CLANG_ANALYZER_NONNULL = YES;
				CLANG_ANALYZER_NUMBER_OBJECT_CONVERSION = YES_AGGRESSIVE;
				CLANG_CXX_LANGUAGE_STANDARD = "gnu++14";
				CLANG_CXX_LIBRARY = "libc++";
				CLANG_ENABLE_MODULES = YES;
				CLANG_ENABLE_OBJC_ARC = YES;
				CLANG_ENABLE_OBJC_WEAK = YES;
				CLANG_WARN_BLOCK_CAPTURE_AUTORELEASING = YES;
				CLANG_WARN_BOOL_CONVERSION = YES;
				CLANG_WARN_COMMA = YES;
				CLANG_WARN_CONSTANT_CONVERSION = YES;
				CLANG_WARN_DEPRECATED_OBJC_IMPLEMENTATIONS = YES;
				CLANG_WARN_DIRECT_OBJC_ISA_USAGE = YES_ERROR;
				CLANG_WARN_DOCUMENTATION_COMMENTS = YES;
				CLANG_WARN_EMPTY_BODY = YES;
				CLANG_WARN_ENUM_CONVERSION = YES;
				CLANG_WARN_INFINITE_RECURSION = YES;
				CLANG_WARN_INT_CONVERSION = YES;
				CLANG_WARN_NON_LITERAL_NULL_CONVERSION = YES;
				CLANG_WARN_OBJC_IMPLICIT_RETAIN_SELF = YES;
				CLANG_WARN_OBJC_LITERAL_CONVERSION = YES;
				CLANG_WARN_OBJC_ROOT_CLASS = YES_ERROR;
				CLANG_WARN_RANGE_LOOP_ANALYSIS = YES;
				CLANG_WARN_STRICT_PROTOTYPES = YES;
				CLANG_WARN_SUSPICIOUS_MOVE = YES;
				CLANG_WARN_UNGUARDED_AVAILABILITY = YES_AGGRESSIVE;
				CLANG_WARN_UNREACHABLE_CODE = YES;
				CLANG_WARN__DUPLICATE_METHOD_MATCH = YES;
				CODE_SIGN_IDENTITY = "iPhone Developer";
				COPY_PHASE_STRIP = NO;
				CURRENT_PROJECT_VERSION = 1;
				DEBUG_INFORMATION_FORMAT = "dwarf-with-dsym";
				ENABLE_NS_ASSERTIONS = NO;
				ENABLE_STRICT_OBJC_MSGSEND = YES;
				GCC_C_LANGUAGE_STANDARD = gnu11;
				GCC_NO_COMMON_BLOCKS = YES;
				GCC_WARN_64_TO_32_BIT_CONVERSION = YES;
				GCC_WARN_ABOUT_RETURN_TYPE = YES_ERROR;
				GCC_WARN_UNDECLARED_SELECTOR = YES;
				GCC_WARN_UNINITIALIZED_AUTOS = YES_AGGRESSIVE;
				GCC_WARN_UNUSED_FUNCTION = YES;
				GCC_WARN_UNUSED_VARIABLE = YES;
				IPHONEOS_DEPLOYMENT_TARGET = 12.0;
				MTL_ENABLE_DEBUG_INFO = NO;
				MTL_FAST_MATH = YES;
				SDKROOT = iphoneos;
				SWIFT_COMPILATION_MODE = wholemodule;
				SWIFT_OPTIMIZATION_LEVEL = "-O";
				VALIDATE_PRODUCT = YES;
				VERSIONING_SYSTEM = "apple-generic";
				VERSION_INFO_PREFIX = "";
			};
			name = Release;
		};
		7D889F7A216EEBCB0082F158 /* Debug */ = {
			isa = XCBuildConfiguration;
			buildSettings = {
				CLANG_ENABLE_MODULES = YES;
				CODE_SIGN_IDENTITY = "";
				CODE_SIGN_STYLE = Automatic;
				DEFINES_MODULE = YES;
				DEVELOPMENT_TEAM = 39NFZ65S8H;
				DYLIB_COMPATIBILITY_VERSION = 1;
				DYLIB_CURRENT_VERSION = 1;
				DYLIB_INSTALL_NAME_BASE = "@rpath";
				FRAMEWORK_SEARCH_PATHS = (
					"$(inherited)",
					"$(PROJECT_DIR)/Carthage/Build/iOS",
				);
				INFOPLIST_FILE = tinode/Info.plist;
				INSTALL_PATH = "$(LOCAL_LIBRARY_DIR)/Frameworks";
				LD_RUNPATH_SEARCH_PATHS = (
					"$(inherited)",
					"@executable_path/Frameworks",
					"@loader_path/Frameworks",
				);
				PRODUCT_BUNDLE_IDENTIFIER = com.sabinetek.tinode;
				PRODUCT_NAME = "$(TARGET_NAME:c99extidentifier)";
				SKIP_INSTALL = YES;
				SWIFT_OPTIMIZATION_LEVEL = "-Onone";
				SWIFT_VERSION = 4.2;
				TARGETED_DEVICE_FAMILY = "1,2";
			};
			name = Debug;
		};
		7D889F7B216EEBCB0082F158 /* Release */ = {
			isa = XCBuildConfiguration;
			buildSettings = {
				CLANG_ENABLE_MODULES = YES;
				CODE_SIGN_IDENTITY = "";
				CODE_SIGN_STYLE = Automatic;
				DEFINES_MODULE = YES;
				DEVELOPMENT_TEAM = 39NFZ65S8H;
				DYLIB_COMPATIBILITY_VERSION = 1;
				DYLIB_CURRENT_VERSION = 1;
				DYLIB_INSTALL_NAME_BASE = "@rpath";
				FRAMEWORK_SEARCH_PATHS = (
					"$(inherited)",
					"$(PROJECT_DIR)/Carthage/Build/iOS",
				);
				INFOPLIST_FILE = tinode/Info.plist;
				INSTALL_PATH = "$(LOCAL_LIBRARY_DIR)/Frameworks";
				LD_RUNPATH_SEARCH_PATHS = (
					"$(inherited)",
					"@executable_path/Frameworks",
					"@loader_path/Frameworks",
				);
				PRODUCT_BUNDLE_IDENTIFIER = com.sabinetek.tinode;
				PRODUCT_NAME = "$(TARGET_NAME:c99extidentifier)";
				SKIP_INSTALL = YES;
				SWIFT_VERSION = 4.2;
				TARGETED_DEVICE_FAMILY = "1,2";
			};
			name = Release;
		};
/* End XCBuildConfiguration section */

/* Begin XCConfigurationList section */
		7D889F6B216EEBCB0082F158 /* Build configuration list for PBXProject "Tinode" */ = {
			isa = XCConfigurationList;
			buildConfigurations = (
				7D889F77216EEBCB0082F158 /* Debug */,
				7D889F78216EEBCB0082F158 /* Release */,
			);
			defaultConfigurationIsVisible = 0;
			defaultConfigurationName = Release;
		};
		7D889F79216EEBCB0082F158 /* Build configuration list for PBXNativeTarget "Tinode" */ = {
			isa = XCConfigurationList;
			buildConfigurations = (
				7D889F7A216EEBCB0082F158 /* Debug */,
				7D889F7B216EEBCB0082F158 /* Release */,
			);
			defaultConfigurationIsVisible = 0;
			defaultConfigurationName = Release;
		};
/* End XCConfigurationList section */
	};
	rootObject = 7D889F68216EEBCB0082F158 /* Project object */;
}
